# THIS IS AN AUTOGENERATED FILE. DO NOT EDIT THIS FILE DIRECTLY.
# yarn lockfile v1


"@davidlinc1/feedback.js@^1.0.0-alpha.1":
  version "1.0.0-alpha.1"
  resolved "https://registry.yarnpkg.com/@davidlinc1/feedback.js/-/feedback.js-1.0.0-alpha.1.tgz#1d8761e66a007db939ecf4fd0f73aea00b062b95"
  integrity sha512-BbkHmzLvySFj7Bm4bc2uZQ5kNViNLneEJK3c4yYQhsIZvMB9BY2nvw4ToFMAquih56QVLh8vxaZhS6qOyBTOvQ==
  dependencies:
    html2canvas "1.0.0-alpha.9"

base64-arraybuffer@^0.1.5:
  version "0.1.5"
  resolved "https://registry.yarnpkg.com/base64-arraybuffer/-/base64-arraybuffer-0.1.5.tgz#73926771923b5a19747ad666aa5cd4bf9c6e9ce8"
  integrity sha1-c5JncZI7Whl0etZmqlzUv5xunOg=

css-line-break@1.0.1:
  version "1.0.1"
  resolved "https://registry.yarnpkg.com/css-line-break/-/css-line-break-1.0.1.tgz#19f2063a33e95fb2831b86446c0b80c188af450a"
  integrity sha1-GfIGOjPpX7KDG4ZEbAuAwYivRQo=
  dependencies:
    base64-arraybuffer "^0.1.5"

html2canvas@1.0.0-alpha.9:
  version "1.0.0-alpha.9"
  resolved "https://registry.yarnpkg.com/html2canvas/-/html2canvas-1.0.0-alpha.9.tgz#ff603d80835afeb6c2766e86104768a1cef1c801"
  integrity sha1-/2A9gINa/rbCdm6GEEdooc7xyAE=
  dependencies:
    css-line-break "1.0.1"
